// !$*UTF8*$!
{
	archiveVersion = 1;
	classes = {
	};
	objectVersion = 48;
	objects = {

/* Begin PBXBuildFile section */
		DA53467D2073652500733FBF /* AppDelegate.swift in Sources */ = {isa = PBXBuildFile; fileRef = DA53467C2073652500733FBF /* AppDelegate.swift */; };
		DA53467F2073652500733FBF /* ViewController.swift in Sources */ = {isa = PBXBuildFile; fileRef = DA53467E2073652500733FBF /* ViewController.swift */; };
		DA5346822073652500733FBF /* Main.storyboard in Resources */ = {isa = PBXBuildFile; fileRef = DA5346802073652500733FBF /* Main.storyboard */; };
		DA5346842073652500733FBF /* Assets.xcassets in Resources */ = {isa = PBXBuildFile; fileRef = DA5346832073652500733FBF /* Assets.xcassets */; };
		DA5346872073652500733FBF /* LaunchScreen.storyboard in Resources */ = {isa = PBXBuildFile; fileRef = DA5346852073652500733FBF /* LaunchScreen.storyboard */; };
		DA53468F20736E8800733FBF /* MainController.swift in Sources */ = {isa = PBXBuildFile; fileRef = DA53468E20736E8800733FBF /* MainController.swift */; };
		DA5346922073724A00733FBF /* GoodsViewController.swift in Sources */ = {isa = PBXBuildFile; fileRef = DA5346912073724A00733FBF /* GoodsViewController.swift */; };
		DA5346942073727F00733FBF /* CustomerViewController.swift in Sources */ = {isa = PBXBuildFile; fileRef = DA5346932073727F00733FBF /* CustomerViewController.swift */; };
		DA534696207376B500733FBF /* OrderViewController.swift in Sources */ = {isa = PBXBuildFile; fileRef = DA534695207376B500733FBF /* OrderViewController.swift */; };
		DA534698207376C500733FBF /* CountViewController.swift in Sources */ = {isa = PBXBuildFile; fileRef = DA534697207376C500733FBF /* CountViewController.swift */; };
		DA53469A207376D300733FBF /* SettingViewController.swift in Sources */ = {isa = PBXBuildFile; fileRef = DA534699207376D300733FBF /* SettingViewController.swift */; };
		DA53469D20737DC000733FBF /* Goods.png in Resources */ = {isa = PBXBuildFile; fileRef = DA53469C20737DC000733FBF /* Goods.png */; };
		DA53469F20737E5F00733FBF /* Order.png in Resources */ = {isa = PBXBuildFile; fileRef = DA53469E20737E5F00733FBF /* Order.png */; };
/* End PBXBuildFile section */

/* Begin PBXFileReference section */
		DA5346792073652500733FBF /* WeBusinessAssistant.app */ = {isa = PBXFileReference; explicitFileType = wrapper.application; includeInIndex = 0; path = WeBusinessAssistant.app; sourceTree = BUILT_PRODUCTS_DIR; };
		DA53467C2073652500733FBF /* AppDelegate.swift */ = {isa = PBXFileReference; lastKnownFileType = sourcecode.swift; path = AppDelegate.swift; sourceTree = "<group>"; };
		DA53467E2073652500733FBF /* ViewController.swift */ = {isa = PBXFileReference; lastKnownFileType = sourcecode.swift; path = ViewController.swift; sourceTree = "<group>"; };
		DA5346812073652500733FBF /* Base */ = {isa = PBXFileReference; lastKnownFileType = file.storyboard; name = Base; path = Base.lproj/Main.storyboard; sourceTree = "<group>"; };
		DA5346832073652500733FBF /* Assets.xcassets */ = {isa = PBXFileReference; lastKnownFileType = folder.assetcatalog; path = Assets.xcassets; sourceTree = "<group>"; };
		DA5346862073652500733FBF /* Base */ = {isa = PBXFileReference; lastKnownFileType = file.storyboard; name = Base; path = Base.lproj/LaunchScreen.storyboard; sourceTree = "<group>"; };
		DA5346882073652500733FBF /* Info.plist */ = {isa = PBXFileReference; lastKnownFileType = text.plist.xml; path = Info.plist; sourceTree = "<group>"; };
		DA53468E20736E8800733FBF /* MainController.swift */ = {isa = PBXFileReference; lastKnownFileType = sourcecode.swift; path = MainController.swift; sourceTree = "<group>"; };
		DA5346912073724A00733FBF /* GoodsViewController.swift */ = {isa = PBXFileReference; lastKnownFileType = sourcecode.swift; path = GoodsViewController.swift; sourceTree = "<group>"; };
		DA5346932073727F00733FBF /* CustomerViewController.swift */ = {isa = PBXFileReference; lastKnownFileType = sourcecode.swift; path = CustomerViewController.swift; sourceTree = "<group>"; };
		DA534695207376B500733FBF /* OrderViewController.swift */ = {isa = PBXFileReference; lastKnownFileType = sourcecode.swift; path = OrderViewController.swift; sourceTree = "<group>"; };
		DA534697207376C500733FBF /* CountViewController.swift */ = {isa = PBXFileReference; lastKnownFileType = sourcecode.swift; path = CountViewController.swift; sourceTree = "<group>"; };
		DA534699207376D300733FBF /* SettingViewController.swift */ = {isa = PBXFileReference; lastKnownFileType = sourcecode.swift; path = SettingViewController.swift; sourceTree = "<group>"; };
		DA53469C20737DC000733FBF /* Goods.png */ = {isa = PBXFileReference; lastKnownFileType = image.png; path = Goods.png; sourceTree = "<group>"; };
		DA53469E20737E5F00733FBF /* Order.png */ = {isa = PBXFileReference; lastKnownFileType = image.png; path = Order.png; sourceTree = "<group>"; };
/* End PBXFileReference section */

/* Begin PBXFrameworksBuildPhase section */
		DA5346762073652500733FBF /* Frameworks */ = {
			isa = PBXFrameworksBuildPhase;
			buildActionMask = 2147483647;
			files = (
			);
			runOnlyForDeploymentPostprocessing = 0;
		};
/* End PBXFrameworksBuildPhase section */

/* Begin PBXGroup section */
		DA5346702073652500733FBF = {
			isa = PBXGroup;
			children = (
				DA53469B20737D9900733FBF /* Res */,
				DA53467B2073652500733FBF /* WeBusinessAssistant */,
				DA53467A2073652500733FBF /* Products */,
			);
			sourceTree = "<group>";
		};
		DA53467A2073652500733FBF /* Products */ = {
			isa = PBXGroup;
			children = (
				DA5346792073652500733FBF /* WeBusinessAssistant.app */,
			);
			name = Products;
			sourceTree = "<group>";
		};
		DA53467B2073652500733FBF /* WeBusinessAssistant */ = {
			isa = PBXGroup;
			children = (
				DA53467C2073652500733FBF /* AppDelegate.swift */,
				DA53467E2073652500733FBF /* ViewController.swift */,
				DA5346802073652500733FBF /* Main.storyboard */,
				DA5346832073652500733FBF /* Assets.xcassets */,
				DA5346852073652500733FBF /* LaunchScreen.storyboard */,
				DA5346882073652500733FBF /* Info.plist */,
				DA53469020736E9200733FBF /* Controller */,
			);
			path = WeBusinessAssistant;
			sourceTree = "<group>";
		};
		DA53469020736E9200733FBF /* Controller */ = {
			isa = PBXGroup;
			children = (
				DA53468E20736E8800733FBF /* MainController.swift */,
				DA5346912073724A00733FBF /* GoodsViewController.swift */,
				DA5346932073727F00733FBF /* CustomerViewController.swift */,
				DA534695207376B500733FBF /* OrderViewController.swift */,
				DA534697207376C500733FBF /* CountViewController.swift */,
				DA534699207376D300733FBF /* SettingViewController.swift */,
			);
			path = Controller;
			sourceTree = "<group>";
		};
		DA53469B20737D9900733FBF /* Res */ = {
			isa = PBXGroup;
			children = (
				DA53469E20737E5F00733FBF /* Order.png */,
				DA53469C20737DC000733FBF /* Goods.png */,
			);
			path = Res;
			sourceTree = "<group>";
		};
/* End PBXGroup section */

/* Begin PBXNativeTarget section */
		DA5346782073652500733FBF /* WeBusinessAssistant */ = {
			isa = PBXNativeTarget;
			buildConfigurationList = DA53468B2073652500733FBF /* Build configuration list for PBXNativeTarget "WeBusinessAssistant" */;
			buildPhases = (
				DA5346752073652500733FBF /* Sources */,
				DA5346762073652500733FBF /* Frameworks */,
				DA5346772073652500733FBF /* Resources */,
			);
			buildRules = (
			);
			dependencies = (
			);
			name = WeBusinessAssistant;
			productName = WeBusinessAssistant;
			productReference = DA5346792073652500733FBF /* WeBusinessAssistant.app */;
			productType = "com.apple.product-type.application";
		};
/* End PBXNativeTarget section */

/* Begin PBXProject section */
		DA5346712073652500733FBF /* Project object */ = {
			isa = PBXProject;
			attributes = {
				LastSwiftUpdateCheck = 0920;
				LastUpgradeCheck = 0920;
				ORGANIZATIONNAME = "刘启";
				TargetAttributes = {
					DA5346782073652500733FBF = {
						CreatedOnToolsVersion = 9.2;
						ProvisioningStyle = Automatic;
					};
				};
			};
			buildConfigurationList = DA5346742073652500733FBF /* Build configuration list for PBXProject "WeBusinessAssistant" */;
			compatibilityVersion = "Xcode 8.0";
			developmentRegion = en;
			hasScannedForEncodings = 0;
			knownRegions = (
				en,
				Base,
			);
			mainGroup = DA5346702073652500733FBF;
			productRefGroup = DA53467A2073652500733FBF /* Products */;
			projectDirPath = "";
			projectRoot = "";
			targets = (
				DA5346782073652500733FBF /* WeBusinessAssistant */,
			);
		};
/* End PBXProject section */

/* Begin PBXResourcesBuildPhase section */
		DA5346772073652500733FBF /* Resources */ = {
			isa = PBXResourcesBuildPhase;
			buildActionMask = 2147483647;
			files = (
				DA53469D20737DC000733FBF /* Goods.png in Resources */,
				DA53469F20737E5F00733FBF /* Order.png in Resources */,
				DA5346872073652500733FBF /* LaunchScreen.storyboard in Resources */,
				DA5346842073652500733FBF /* Assets.xcassets in Resources */,
				DA5346822073652500733FBF /* Main.storyboard in Resources */,
			);
			runOnlyForDeploymentPostprocessing = 0;
		};
/* End PBXResourcesBuildPhase section */

/* Begin PBXSourcesBuildPhase section */
		DA5346752073652500733FBF /* Sources */ = {
			isa = PBXSourcesBuildPhase;
			buildActionMask = 2147483647;
			files = (
				DA53467F2073652500733FBF /* ViewController.swift in Sources */,
				DA5346942073727F00733FBF /* CustomerViewController.swift in Sources */,
				DA53468F20736E8800733FBF /* MainController.swift in Sources */,
				DA53469A207376D300733FBF /* SettingViewController.swift in Sources */,
				DA534696207376B500733FBF /* OrderViewController.swift in Sources */,
				DA53467D2073652500733FBF /* AppDelegate.swift in Sources */,
				DA534698207376C500733FBF /* CountViewController.swift in Sources */,
				DA5346922073724A00733FBF /* GoodsViewController.swift in Sources */,
			);
			runOnlyForDeploymentPostprocessing = 0;
		};
/* End PBXSourcesBuildPhase section */

/* Begin PBXVariantGroup section */
		DA5346802073652500733FBF /* Main.storyboard */ = {
			isa = PBXVariantGroup;
			children = (
				DA5346812073652500733FBF /* Base */,
			);
			name = Main.storyboard;
			sourceTree = "<group>";
		};
		DA5346852073652500733FBF /* LaunchScreen.storyboard */ = {
			isa = PBXVariantGroup;
			children = (
				DA5346862073652500733FBF /* Base */,
			);
			name = LaunchScreen.storyboard;
			sourceTree = "<group>";
		};
/* End PBXVariantGroup section */

/* Begin XCBuildConfiguration section */
		DA5346892073652500733FBF /* Debug */ = {
			isa = XCBuildConfiguration;
			buildSettings = {
				ALWAYS_SEARCH_USER_PATHS = NO;
				CLANG_ANALYZER_NONNULL = YES;
				CLANG_ANALYZER_NUMBER_OBJECT_CONVERSION = YES_AGGRESSIVE;
				CLANG_CXX_LANGUAGE_STANDARD = "gnu++14";
				CLANG_CXX_LIBRARY = "libc++";
				CLANG_ENABLE_MODULES = YES;
				CLANG_ENABLE_OBJC_ARC = YES;
				CLANG_WARN_BLOCK_CAPTURE_AUTORELEASING = YES;
				CLANG_WARN_BOOL_CONVERSION = YES;
				CLANG_WARN_COMMA = YES;
				CLANG_WARN_CONSTANT_CONVERSION = YES;
				CLANG_WARN_DIRECT_OBJC_ISA_USAGE = YES_ERROR;
				CLANG_WARN_DOCUMENTATION_COMMENTS = YES;
				CLANG_WARN_EMPTY_BODY = YES;
				CLANG_WARN_ENUM_CONVERSION = YES;
				CLANG_WARN_INFINITE_RECURSION = YES;
				CLANG_WARN_INT_CONVERSION = YES;
				CLANG_WARN_NON_LITERAL_NULL_CONVERSION = YES;
				CLANG_WARN_OBJC_LITERAL_CONVERSION = YES;
				CLANG_WARN_OBJC_ROOT_CLASS = YES_ERROR;
				CLANG_WARN_RANGE_LOOP_ANALYSIS = YES;
				CLANG_WARN_STRICT_PROTOTYPES = YES;
				CLANG_WARN_SUSPICIOUS_MOVE = YES;
				CLANG_WARN_UNGUARDED_AVAILABILITY = YES_AGGRESSIVE;
				CLANG_WARN_UNREACHABLE_CODE = YES;
				CLANG_WARN__DUPLICATE_METHOD_MATCH = YES;
				CODE_SIGN_IDENTITY = "iPhone Developer";
				COPY_PHASE_STRIP = NO;
				DEBUG_INFORMATION_FORMAT = dwarf;
				ENABLE_STRICT_OBJC_MSGSEND = YES;
				ENABLE_TESTABILITY = YES;
				GCC_C_LANGUAGE_STANDARD = gnu11;
				GCC_DYNAMIC_NO_PIC = NO;
				GCC_NO_COMMON_BLOCKS = YES;
				GCC_OPTIMIZATION_LEVEL = 0;
				GCC_PREPROCESSOR_DEFINITIONS = (
					"DEBUG=1",
					"$(inherited)",
				);
				GCC_WARN_64_TO_32_BIT_CONVERSION = YES;
				GCC_WARN_ABOUT_RETURN_TYPE = YES_ERROR;
				GCC_WARN_UNDECLARED_SELECTOR = YES;
				GCC_WARN_UNINITIALIZED_AUTOS = YES_AGGRESSIVE;
				GCC_WARN_UNUSED_FUNCTION = YES;
				GCC_WARN_UNUSED_VARIABLE = YES;
				IPHONEOS_DEPLOYMENT_TARGET = 11.2;
				MTL_ENABLE_DEBUG_INFO = YES;
				ONLY_ACTIVE_ARCH = YES;
				SDKROOT = iphoneos;
				SWIFT_ACTIVE_COMPILATION_CONDITIONS = DEBUG;
				SWIFT_OPTIMIZATION_LEVEL = "-Onone";
			};
			name = Debug;
		};
		DA53468A2073652500733FBF /* Release */ = {
			isa = XCBuildConfiguration;
			buildSettings = {
				ALWAYS_SEARCH_USER_PATHS = NO;
				CLANG_ANALYZER_NONNULL = YES;
				CLANG_ANALYZER_NUMBER_OBJECT_CONVERSION = YES_AGGRESSIVE;
				CLANG_CXX_LANGUAGE_STANDARD = "gnu++14";
				CLANG_CXX_LIBRARY = "libc++";
				CLANG_ENABLE_MODULES = YES;
				CLANG_ENABLE_OBJC_ARC = YES;
				CLANG_WARN_BLOCK_CAPTURE_AUTORELEASING = YES;
				CLANG_WARN_BOOL_CONVERSION = YES;
				CLANG_WARN_COMMA = YES;
				CLANG_WARN_CONSTANT_CONVERSION = YES;
				CLANG_WARN_DIRECT_OBJC_ISA_USAGE = YES_ERROR;
				CLANG_WARN_DOCUMENTATION_COMMENTS = YES;
				CLANG_WARN_EMPTY_BODY = YES;
				CLANG_WARN_ENUM_CONVERSION = YES;
				CLANG_WARN_INFINITE_RECURSION = YES;
				CLANG_WARN_INT_CONVERSION = YES;
				CLANG_WARN_NON_LITERAL_NULL_CONVERSION = YES;
				CLANG_WARN_OBJC_LITERAL_CONVERSION = YES;
				CLANG_WARN_OBJC_ROOT_CLASS = YES_ERROR;
				CLANG_WARN_RANGE_LOOP_ANALYSIS = YES;
				CLANG_WARN_STRICT_PROTOTYPES = YES;
				CLANG_WARN_SUSPICIOUS_MOVE = YES;
				CLANG_WARN_UNGUARDED_AVAILABILITY = YES_AGGRESSIVE;
				CLANG_WARN_UNREACHABLE_CODE = YES;
				CLANG_WARN__DUPLICATE_METHOD_MATCH = YES;
				CODE_SIGN_IDENTITY = "iPhone Developer";
				COPY_PHASE_STRIP = NO;
				DEBUG_INFORMATION_FORMAT = "dwarf-with-dsym";
				ENABLE_NS_ASSERTIONS = NO;
				ENABLE_STRICT_OBJC_MSGSEND = YES;
				GCC_C_LANGUAGE_STANDARD = gnu11;
				GCC_NO_COMMON_BLOCKS = YES;
				GCC_WARN_64_TO_32_BIT_CONVERSION = YES;
				GCC_WARN_ABOUT_RETURN_TYPE = YES_ERROR;
				GCC_WARN_UNDECLARED_SELECTOR = YES;
				GCC_WARN_UNINITIALIZED_AUTOS = YES_AGGRESSIVE;
				GCC_WARN_UNUSED_FUNCTION = YES;
				GCC_WARN_UNUSED_VARIABLE = YES;
				IPHONEOS_DEPLOYMENT_TARGET = 11.2;
				MTL_ENABLE_DEBUG_INFO = NO;
				SDKROOT = iphoneos;
				SWIFT_OPTIMIZATION_LEVEL = "-Owholemodule";
				VALIDATE_PRODUCT = YES;
			};
			name = Release;
		};
		DA53468C2073652500733FBF /* Debug */ = {
			isa = XCBuildConfiguration;
			buildSettings = {
				ASSETCATALOG_COMPILER_APPICON_NAME = AppIcon;
				CODE_SIGN_STYLE = Automatic;
				DEVELOPMENT_TEAM = B76LMF72BQ;
				INFOPLIST_FILE = WeBusinessAssistant/Info.plist;
				IPHONEOS_DEPLOYMENT_TARGET = 9.0;
				LD_RUNPATH_SEARCH_PATHS = "$(inherited) @executable_path/Frameworks";
				PRODUCT_BUNDLE_IDENTIFIER = cn.Zealot817.WeBusinessAssistant;
				PRODUCT_NAME = "$(TARGET_NAME)";
				SWIFT_VERSION = 4.0;
				TARGETED_DEVICE_FAMILY = "1,2";
			};
			name = Debug;
		};
		DA53468D2073652500733FBF /* Release */ = {
			isa = XCBuildConfiguration;
			buildSettings = {
				ASSETCATALOG_COMPILER_APPICON_NAME = AppIcon;
				CODE_SIGN_STYLE = Automatic;
				DEVELOPMENT_TEAM = B76LMF72BQ;
				INFOPLIST_FILE = WeBusinessAssistant/Info.plist;
				IPHONEOS_DEPLOYMENT_TARGET = 9.0;
				LD_RUNPATH_SEARCH_PATHS = "$(inherited) @executable_path/Frameworks";
				PRODUCT_BUNDLE_IDENTIFIER = cn.Zealot817.WeBusinessAssistant;
				PRODUCT_NAME = "$(TARGET_NAME)";
				SWIFT_VERSION = 4.0;
				TARGETED_DEVICE_FAMILY = "1,2";
			};
			name = Release;
		};
/* End XCBuildConfiguration section */

/* Begin XCConfigurationList section */
		DA5346742073652500733FBF /* Build configuration list for PBXProject "WeBusinessAssistant" */ = {
			isa = XCConfigurationList;
			buildConfigurations = (
				DA5346892073652500733FBF /* Debug */,
				DA53468A2073652500733FBF /* Release */,
			);
			defaultConfigurationIsVisible = 0;
			defaultConfigurationName = Release;
		};
		DA53468B2073652500733FBF /* Build configuration list for PBXNativeTarget "WeBusinessAssistant" */ = {
			isa = XCConfigurationList;
			buildConfigurations = (
				DA53468C2073652500733FBF /* Debug */,
				DA53468D2073652500733FBF /* Release */,
			);
			defaultConfigurationIsVisible = 0;
			defaultConfigurationName = Release;
		};
/* End XCConfigurationList section */
	};
	rootObject = DA5346712073652500733FBF /* Project object */;
}
